// !$*UTF8*$!
{
	archiveVersion = 1;
	classes = {
	};
	objectVersion = 55;
	objects = {

/* Begin PBXBuildFile section */
		D3EB24F128D1023100309606 /* AppDelegate.swift in Sources */ = {isa = PBXBuildFile; fileRef = D3EB24F028D1023100309606 /* AppDelegate.swift */; };
		D3EB24F328D1023100309606 /* SceneDelegate.swift in Sources */ = {isa = PBXBuildFile; fileRef = D3EB24F228D1023100309606 /* SceneDelegate.swift */; };
		D3EB24F528D1023100309606 /* MessageViewController.swift in Sources */ = {isa = PBXBuildFile; fileRef = D3EB24F428D1023100309606 /* MessageViewController.swift */; };
		D3EB24FB28D1023100309606 /* Call___Messages.xcdatamodeld in Sources */ = {isa = PBXBuildFile; fileRef = D3EB24F928D1023100309606 /* Call___Messages.xcdatamodeld */; };
		D3EB24FD28D1023300309606 /* Assets.xcassets in Resources */ = {isa = PBXBuildFile; fileRef = D3EB24FC28D1023300309606 /* Assets.xcassets */; };
		D3EB250028D1023300309606 /* LaunchScreen.storyboard in Resources */ = {isa = PBXBuildFile; fileRef = D3EB24FE28D1023300309606 /* LaunchScreen.storyboard */; };
		D3EB250828D1034900309606 /* MainTabBar.swift in Sources */ = {isa = PBXBuildFile; fileRef = D3EB250728D1034900309606 /* MainTabBar.swift */; };
		D3EB250A28D1037C00309606 /* CallsViewController.swift in Sources */ = {isa = PBXBuildFile; fileRef = D3EB250928D1037C00309606 /* CallsViewController.swift */; };
		D3EB250C28D1038F00309606 /* ProfileViewController.swift in Sources */ = {isa = PBXBuildFile; fileRef = D3EB250B28D1038F00309606 /* ProfileViewController.swift */; };
/* End PBXBuildFile section */

/* Begin PBXFileReference section */
		D3EB24ED28D1023100309606 /* Call & Messages.app */ = {isa = PBXFileReference; explicitFileType = wrapper.application; includeInIndex = 0; path = "Call & Messages.app"; sourceTree = BUILT_PRODUCTS_DIR; };
		D3EB24F028D1023100309606 /* AppDelegate.swift */ = {isa = PBXFileReference; lastKnownFileType = sourcecode.swift; path = AppDelegate.swift; sourceTree = "<group>"; };
		D3EB24F228D1023100309606 /* SceneDelegate.swift */ = {isa = PBXFileReference; lastKnownFileType = sourcecode.swift; path = SceneDelegate.swift; sourceTree = "<group>"; };
		D3EB24F428D1023100309606 /* MessageViewController.swift */ = {isa = PBXFileReference; lastKnownFileType = sourcecode.swift; path = MessageViewController.swift; sourceTree = "<group>"; };
		D3EB24FA28D1023100309606 /* Call___Messages.xcdatamodel */ = {isa = PBXFileReference; lastKnownFileType = wrapper.xcdatamodel; path = "Call___Messages.xcdatamodel"; sourceTree = "<group>"; };
		D3EB24FC28D1023300309606 /* Assets.xcassets */ = {isa = PBXFileReference; lastKnownFileType = folder.assetcatalog; path = Assets.xcassets; sourceTree = "<group>"; };
		D3EB24FF28D1023300309606 /* Base */ = {isa = PBXFileReference; lastKnownFileType = file.storyboard; name = Base; path = Base.lproj/LaunchScreen.storyboard; sourceTree = "<group>"; };
		D3EB250128D1023300309606 /* Info.plist */ = {isa = PBXFileReference; lastKnownFileType = text.plist.xml; path = Info.plist; sourceTree = "<group>"; };
		D3EB250728D1034900309606 /* MainTabBar.swift */ = {isa = PBXFileReference; lastKnownFileType = sourcecode.swift; path = MainTabBar.swift; sourceTree = "<group>"; };
		D3EB250928D1037C00309606 /* CallsViewController.swift */ = {isa = PBXFileReference; lastKnownFileType = sourcecode.swift; path = CallsViewController.swift; sourceTree = "<group>"; };
		D3EB250B28D1038F00309606 /* ProfileViewController.swift */ = {isa = PBXFileReference; lastKnownFileType = sourcecode.swift; path = ProfileViewController.swift; sourceTree = "<group>"; };
/* End PBXFileReference section */

/* Begin PBXFrameworksBuildPhase section */
		D3EB24EA28D1023100309606 /* Frameworks */ = {
			isa = PBXFrameworksBuildPhase;
			buildActionMask = 2147483647;
			files = (
			);
			runOnlyForDeploymentPostprocessing = 0;
		};
/* End PBXFrameworksBuildPhase section */

/* Begin PBXGroup section */
		D3EB24E428D1023100309606 = {
			isa = PBXGroup;
			children = (
				D3EB24EF28D1023100309606 /* Call & Messages */,
				D3EB24EE28D1023100309606 /* Products */,
			);
			sourceTree = "<group>";
		};
		D3EB24EE28D1023100309606 /* Products */ = {
			isa = PBXGroup;
			children = (
				D3EB24ED28D1023100309606 /* Call & Messages.app */,
			);
			name = Products;
			sourceTree = "<group>";
		};
		D3EB24EF28D1023100309606 /* Call & Messages */ = {
			isa = PBXGroup;
			children = (
				D3EB250128D1023300309606 /* Info.plist */,
				D3EB251128D1062500309606 /* Other */,
				D3EB250D28D103B500309606 /* Controllers */,
				D3EB251028D1061100309606 /* Resources */,
				D3EB251228D1065300309606 /* Core Data */,
			);
			path = "Call & Messages";
			sourceTree = "<group>";
		};
		D3EB250D28D103B500309606 /* Controllers */ = {
			isa = PBXGroup;
			children = (
				D3EB250F28D103D500309606 /* Core */,
				D3EB250E28D103C400309606 /* Main */,
			);
			path = Controllers;
			sourceTree = "<group>";
		};
		D3EB250E28D103C400309606 /* Main */ = {
			isa = PBXGroup;
			children = (
				D3EB250728D1034900309606 /* MainTabBar.swift */,
			);
			path = Main;
			sourceTree = "<group>";
		};
		D3EB250F28D103D500309606 /* Core */ = {
			isa = PBXGroup;
			children = (
				D3EB24F428D1023100309606 /* MessageViewController.swift */,
				D3EB250B28D1038F00309606 /* ProfileViewController.swift */,
				D3EB250928D1037C00309606 /* CallsViewController.swift */,
			);
			path = Core;
			sourceTree = "<group>";
		};
		D3EB251028D1061100309606 /* Resources */ = {
			isa = PBXGroup;
			children = (
				D3EB24FE28D1023300309606 /* LaunchScreen.storyboard */,
				D3EB24FC28D1023300309606 /* Assets.xcassets */,
			);
			path = Resources;
			sourceTree = "<group>";
		};
		D3EB251128D1062500309606 /* Other */ = {
			isa = PBXGroup;
			children = (
				D3EB24F028D1023100309606 /* AppDelegate.swift */,
				D3EB24F228D1023100309606 /* SceneDelegate.swift */,
			);
			path = Other;
			sourceTree = "<group>";
		};
		D3EB251228D1065300309606 /* Core Data */ = {
			isa = PBXGroup;
			children = (
				D3EB24F928D1023100309606 /* Call___Messages.xcdatamodeld */,
			);
			path = "Core Data";
			sourceTree = "<group>";
		};
/* End PBXGroup section */

/* Begin PBXNativeTarget section */
		D3EB24EC28D1023100309606 /* Call & Messages */ = {
			isa = PBXNativeTarget;
			buildConfigurationList = D3EB250428D1023300309606 /* Build configuration list for PBXNativeTarget "Call & Messages" */;
			buildPhases = (
				D3EB24E928D1023100309606 /* Sources */,
				D3EB24EA28D1023100309606 /* Frameworks */,
				D3EB24EB28D1023100309606 /* Resources */,
			);
			buildRules = (
			);
			dependencies = (
			);
			name = "Call & Messages";
			productName = "Call & Messages";
			productReference = D3EB24ED28D1023100309606 /* Call & Messages.app */;
			productType = "com.apple.product-type.application";
		};
/* End PBXNativeTarget section */

/* Begin PBXProject section */
		D3EB24E528D1023100309606 /* Project object */ = {
			isa = PBXProject;
			attributes = {
				BuildIndependentTargetsInParallel = 1;
				LastSwiftUpdateCheck = 1340;
				LastUpgradeCheck = 1340;
				TargetAttributes = {
					D3EB24EC28D1023100309606 = {
						CreatedOnToolsVersion = 13.4.1;
					};
				};
			};
			buildConfigurationList = D3EB24E828D1023100309606 /* Build configuration list for PBXProject "Call & Messages" */;
			compatibilityVersion = "Xcode 13.0";
			developmentRegion = en;
			hasScannedForEncodings = 0;
			knownRegions = (
				en,
				Base,
			);
			mainGroup = D3EB24E428D1023100309606;
			productRefGroup = D3EB24EE28D1023100309606 /* Products */;
			projectDirPath = "";
			projectRoot = "";
			targets = (
				D3EB24EC28D1023100309606 /* Call & Messages */,
			);
		};
/* End PBXProject section */

/* Begin PBXResourcesBuildPhase section */
		D3EB24EB28D1023100309606 /* Resources */ = {
			isa = PBXResourcesBuildPhase;
			buildActionMask = 2147483647;
			files = (
				D3EB250028D1023300309606 /* LaunchScreen.storyboard in Resources */,
				D3EB24FD28D1023300309606 /* Assets.xcassets in Resources */,
			);
			runOnlyForDeploymentPostprocessing = 0;
		};
/* End PBXResourcesBuildPhase section */

/* Begin PBXSourcesBuildPhase section */
		D3EB24E928D1023100309606 /* Sources */ = {
			isa = PBXSourcesBuildPhase;
			buildActionMask = 2147483647;
			files = (
				D3EB24F528D1023100309606 /* MessageViewController.swift in Sources */,
				D3EB24FB28D1023100309606 /* Call___Messages.xcdatamodeld in Sources */,
				D3EB24F128D1023100309606 /* AppDelegate.swift in Sources */,
				D3EB250828D1034900309606 /* MainTabBar.swift in Sources */,
				D3EB250C28D1038F00309606 /* ProfileViewController.swift in Sources */,
				D3EB250A28D1037C00309606 /* CallsViewController.swift in Sources */,
				D3EB24F328D1023100309606 /* SceneDelegate.swift in Sources */,
			);
			runOnlyForDeploymentPostprocessing = 0;
		};
/* End PBXSourcesBuildPhase section */

/* Begin PBXVariantGroup section */
		D3EB24FE28D1023300309606 /* LaunchScreen.storyboard */ = {
			isa = PBXVariantGroup;
			children = (
				D3EB24FF28D1023300309606 /* Base */,
			);
			name = LaunchScreen.storyboard;
			sourceTree = "<group>";
		};
/* End PBXVariantGroup section */

/* Begin XCBuildConfiguration section */
		D3EB250228D1023300309606 /* Debug */ = {
			isa = XCBuildConfiguration;
			buildSettings = {
				ALWAYS_SEARCH_USER_PATHS = NO;
				CLANG_ANALYZER_NONNULL = YES;
				CLANG_ANALYZER_NUMBER_OBJECT_CONVERSION = YES_AGGRESSIVE;
				CLANG_CXX_LANGUAGE_STANDARD = "gnu++17";
				CLANG_ENABLE_MODULES = YES;
				CLANG_ENABLE_OBJC_ARC = YES;
				CLANG_ENABLE_OBJC_WEAK = YES;
				CLANG_WARN_BLOCK_CAPTURE_AUTORELEASING = YES;
				CLANG_WARN_BOOL_CONVERSION = YES;
				CLANG_WARN_COMMA = YES;
				CLANG_WARN_CONSTANT_CONVERSION = YES;
				CLANG_WARN_DEPRECATED_OBJC_IMPLEMENTATIONS = YES;
				CLANG_WARN_DIRECT_OBJC_ISA_USAGE = YES_ERROR;
				CLANG_WARN_DOCUMENTATION_COMMENTS = YES;
				CLANG_WARN_EMPTY_BODY = YES;
				CLANG_WARN_ENUM_CONVERSION = YES;
				CLANG_WARN_INFINITE_RECURSION = YES;
				CLANG_WARN_INT_CONVERSION = YES;
				CLANG_WARN_NON_LITERAL_NULL_CONVERSION = YES;
				CLANG_WARN_OBJC_IMPLICIT_RETAIN_SELF = YES;
				CLANG_WARN_OBJC_LITERAL_CONVERSION = YES;
				CLANG_WARN_OBJC_ROOT_CLASS = YES_ERROR;
				CLANG_WARN_QUOTED_INCLUDE_IN_FRAMEWORK_HEADER = YES;
				CLANG_WARN_RANGE_LOOP_ANALYSIS = YES;
				CLANG_WARN_STRICT_PROTOTYPES = YES;
				CLANG_WARN_SUSPICIOUS_MOVE = YES;
				CLANG_WARN_UNGUARDED_AVAILABILITY = YES_AGGRESSIVE;
				CLANG_WARN_UNREACHABLE_CODE = YES;
				CLANG_WARN__DUPLICATE_METHOD_MATCH = YES;
				COPY_PHASE_STRIP = NO;
				DEBUG_INFORMATION_FORMAT = dwarf;
				ENABLE_STRICT_OBJC_MSGSEND = YES;
				ENABLE_TESTABILITY = YES;
				GCC_C_LANGUAGE_STANDARD = gnu11;
				GCC_DYNAMIC_NO_PIC = NO;
				GCC_NO_COMMON_BLOCKS = YES;
				GCC_OPTIMIZATION_LEVEL = 0;
				GCC_PREPROCESSOR_DEFINITIONS = (
					"DEBUG=1",
					"$(inherited)",
				);
				GCC_WARN_64_TO_32_BIT_CONVERSION = YES;
				GCC_WARN_ABOUT_RETURN_TYPE = YES_ERROR;
				GCC_WARN_UNDECLARED_SELECTOR = YES;
				GCC_WARN_UNINITIALIZED_AUTOS = YES_AGGRESSIVE;
				GCC_WARN_UNUSED_FUNCTION = YES;
				GCC_WARN_UNUSED_VARIABLE = YES;
				IPHONEOS_DEPLOYMENT_TARGET = 15.5;
				MTL_ENABLE_DEBUG_INFO = INCLUDE_SOURCE;
				MTL_FAST_MATH = YES;
				ONLY_ACTIVE_ARCH = YES;
				SDKROOT = iphoneos;
				SWIFT_ACTIVE_COMPILATION_CONDITIONS = DEBUG;
				SWIFT_OPTIMIZATION_LEVEL = "-Onone";
			};
			name = Debug;
		};
		D3EB250328D1023300309606 /* Release */ = {
			isa = XCBuildConfiguration;
			buildSettings = {
				ALWAYS_SEARCH_USER_PATHS = NO;
				CLANG_ANALYZER_NONNULL = YES;
				CLANG_ANALYZER_NUMBER_OBJECT_CONVERSION = YES_AGGRESSIVE;
				CLANG_CXX_LANGUAGE_STANDARD = "gnu++17";
				CLANG_ENABLE_MODULES = YES;
				CLANG_ENABLE_OBJC_ARC = YES;
				CLANG_ENABLE_OBJC_WEAK = YES;
				CLANG_WARN_BLOCK_CAPTURE_AUTORELEASING = YES;
				CLANG_WARN_BOOL_CONVERSION = YES;
				CLANG_WARN_COMMA = YES;
				CLANG_WARN_CONSTANT_CONVERSION = YES;
				CLANG_WARN_DEPRECATED_OBJC_IMPLEMENTATIONS = YES;
				CLANG_WARN_DIRECT_OBJC_ISA_USAGE = YES_ERROR;
				CLANG_WARN_DOCUMENTATION_COMMENTS = YES;
				CLANG_WARN_EMPTY_BODY = YES;
				CLANG_WARN_ENUM_CONVERSION = YES;
				CLANG_WARN_INFINITE_RECURSION = YES;
				CLANG_WARN_INT_CONVERSION = YES;
				CLANG_WARN_NON_LITERAL_NULL_CONVERSION = YES;
				CLANG_WARN_OBJC_IMPLICIT_RETAIN_SELF = YES;
				CLANG_WARN_OBJC_LITERAL_CONVERSION = YES;
				CLANG_WARN_OBJC_ROOT_CLASS = YES_ERROR;
				CLANG_WARN_QUOTED_INCLUDE_IN_FRAMEWORK_HEADER = YES;
				CLANG_WARN_RANGE_LOOP_ANALYSIS = YES;
				CLANG_WARN_STRICT_PROTOTYPES = YES;
				CLANG_WARN_SUSPICIOUS_MOVE = YES;
				CLANG_WARN_UNGUARDED_AVAILABILITY = YES_AGGRESSIVE;
				CLANG_WARN_UNREACHABLE_CODE = YES;
				CLANG_WARN__DUPLICATE_METHOD_MATCH = YES;
				COPY_PHASE_STRIP = NO;
				DEBUG_INFORMATION_FORMAT = "dwarf-with-dsym";
				ENABLE_NS_ASSERTIONS = NO;
				ENABLE_STRICT_OBJC_MSGSEND = YES;
				GCC_C_LANGUAGE_STANDARD = gnu11;
				GCC_NO_COMMON_BLOCKS = YES;
				GCC_WARN_64_TO_32_BIT_CONVERSION = YES;
				GCC_WARN_ABOUT_RETURN_TYPE = YES_ERROR;
				GCC_WARN_UNDECLARED_SELECTOR = YES;
				GCC_WARN_UNINITIALIZED_AUTOS = YES_AGGRESSIVE;
				GCC_WARN_UNUSED_FUNCTION = YES;
				GCC_WARN_UNUSED_VARIABLE = YES;
				IPHONEOS_DEPLOYMENT_TARGET = 15.5;
				MTL_ENABLE_DEBUG_INFO = NO;
				MTL_FAST_MATH = YES;
				SDKROOT = iphoneos;
				SWIFT_COMPILATION_MODE = wholemodule;
				SWIFT_OPTIMIZATION_LEVEL = "-O";
				VALIDATE_PRODUCT = YES;
			};
			name = Release;
		};
		D3EB250528D1023300309606 /* Debug */ = {
			isa = XCBuildConfiguration;
			buildSettings = {
				ASSETCATALOG_COMPILER_APPICON_NAME = AppIcon;
				ASSETCATALOG_COMPILER_GLOBAL_ACCENT_COLOR_NAME = AccentColor;
				CODE_SIGN_STYLE = Automatic;
				CURRENT_PROJECT_VERSION = 1;
				DEVELOPMENT_TEAM = 95S4N2TWZ7;
				"EXCLUDED_ARCHS[sdk=iphonesimulator*]" = arm64;
				GENERATE_INFOPLIST_FILE = YES;
				INFOPLIST_FILE = "Call & Messages/Info.plist";
				INFOPLIST_KEY_UIApplicationSupportsIndirectInputEvents = YES;
				INFOPLIST_KEY_UILaunchStoryboardName = LaunchScreen;
				INFOPLIST_KEY_UISupportedInterfaceOrientations = UIInterfaceOrientationPortrait;
				INFOPLIST_KEY_UISupportedInterfaceOrientations_iPad = "UIInterfaceOrientationPortrait UIInterfaceOrientationPortraitUpsideDown UIInterfaceOrientationLandscapeLeft UIInterfaceOrientationLandscapeRight";
				INFOPLIST_KEY_UISupportedInterfaceOrientations_iPhone = "UIInterfaceOrientationPortrait UIInterfaceOrientationLandscapeLeft UIInterfaceOrientationLandscapeRight";
				LD_RUNPATH_SEARCH_PATHS = (
					"$(inherited)",
					"@executable_path/Frameworks",
				);
				MARKETING_VERSION = 1.0;
				PRODUCT_BUNDLE_IDENTIFIER = "com.abylay.Call---Messages";
				PRODUCT_NAME = "$(TARGET_NAME)";
				SWIFT_EMIT_LOC_STRINGS = YES;
				SWIFT_VERSION = 5.0;
				TARGETED_DEVICE_FAMILY = 1;
			};
			name = Debug;
		};
		D3EB250628D1023300309606 /* Release */ = {
			isa = XCBuildConfiguration;
			buildSettings = {
				ASSETCATALOG_COMPILER_APPICON_NAME = AppIcon;
				ASSETCATALOG_COMPILER_GLOBAL_ACCENT_COLOR_NAME = AccentColor;
				CODE_SIGN_STYLE = Automatic;
				CURRENT_PROJECT_VERSION = 1;
				DEVELOPMENT_TEAM = 95S4N2TWZ7;
				"EXCLUDED_ARCHS[sdk=iphonesimulator*]" = arm64;
				GENERATE_INFOPLIST_FILE = YES;
				INFOPLIST_FILE = "Call & Messages/Info.plist";
				INFOPLIST_KEY_UIApplicationSupportsIndirectInputEvents = YES;
				INFOPLIST_KEY_UILaunchStoryboardName = LaunchScreen;
				INFOPLIST_KEY_UISupportedInterfaceOrientations = UIInterfaceOrientationPortrait;
				INFOPLIST_KEY_UISupportedInterfaceOrientations_iPad = "UIInterfaceOrientationPortrait UIInterfaceOrientationPortraitUpsideDown UIInterfaceOrientationLandscapeLeft UIInterfaceOrientationLandscapeRight";
				INFOPLIST_KEY_UISupportedInterfaceOrientations_iPhone = "UIInterfaceOrientationPortrait UIInterfaceOrientationLandscapeLeft UIInterfaceOrientationLandscapeRight";
				LD_RUNPATH_SEARCH_PATHS = (
					"$(inherited)",
					"@executable_path/Frameworks",
				);
				MARKETING_VERSION = 1.0;
				PRODUCT_BUNDLE_IDENTIFIER = "com.abylay.Call---Messages";
				PRODUCT_NAME = "$(TARGET_NAME)";
				SWIFT_EMIT_LOC_STRINGS = YES;
				SWIFT_VERSION = 5.0;
				TARGETED_DEVICE_FAMILY = 1;
			};
			name = Release;
		};
/* End XCBuildConfiguration section */

/* Begin XCConfigurationList section */
		D3EB24E828D1023100309606 /* Build configuration list for PBXProject "Call & Messages" */ = {
			isa = XCConfigurationList;
			buildConfigurations = (
				D3EB250228D1023300309606 /* Debug */,
				D3EB250328D1023300309606 /* Release */,
			);
			defaultConfigurationIsVisible = 0;
			defaultConfigurationName = Release;
		};
		D3EB250428D1023300309606 /* Build configuration list for PBXNativeTarget "Call & Messages" */ = {
			isa = XCConfigurationList;
			buildConfigurations = (
				D3EB250528D1023300309606 /* Debug */,
				D3EB250628D1023300309606 /* Release */,
			);
			defaultConfigurationIsVisible = 0;
			defaultConfigurationName = Release;
		};
/* End XCConfigurationList section */

/* Begin XCVersionGroup section */
		D3EB24F928D1023100309606 /* Call___Messages.xcdatamodeld */ = {
			isa = XCVersionGroup;
			children = (
				D3EB24FA28D1023100309606 /* Call___Messages.xcdatamodel */,
			);
			currentVersion = D3EB24FA28D1023100309606 /* Call___Messages.xcdatamodel */;
			path = "Call___Messages.xcdatamodeld";
			sourceTree = "<group>";
			versionGroupType = wrapper.xcdatamodel;
		};
/* End XCVersionGroup section */
	};
	rootObject = D3EB24E528D1023100309606 /* Project object */;
}
